{
  "name": "MonteX_2.0",
  "lockfileVersion": 2,
  "requires": true,
  "packages": {
    "": {
      "dependencies": {
        "echarts": "^5.4.3"
      },
      "devDependencies": {
        "@types/echarts": "^4.9.22"
      }
    },
    "node_modules/@types/echarts": {
      "version": "4.9.22",
      "resolved": "https://registry.npmjs.org/@types/echarts/-/echarts-4.9.22.tgz",
      "integrity": "sha512-7Fo6XdWpoi8jxkwP7BARUOM7riq8bMhmsCtSG8gzUcJmFhLo387tihoBYS/y5j7jl3PENT5RxeWZdN9RiwO7HQ==",
      "dev": true,
      "dependencies": {
        "@types/zrender": "*"
      }
    },
    "node_modules/@types/zrender": {
      "version": "4.0.6",
      "resolved": "https://registry.npmjs.org/@types/zrender/-/zrender-4.0.6.tgz",
      "integrity": "sha512-1jZ9bJn2BsfmYFPBHtl5o3uV+ILejAtGrDcYSpT4qaVKEI/0YY+arw3XHU04Ebd8Nca3SQ7uNcLaqiL+tTFVMg==",
      "dev": true
    },
    "node_modules/echarts": {
      "version": "5.4.3",
      "resolved": "https://registry.npmjs.org/echarts/-/echarts-5.4.3.tgz",
      "integrity": "sha512-mYKxLxhzy6zyTi/FaEbJMOZU1ULGEQHaeIeuMR5L+JnJTpz+YR03mnnpBhbR4+UYJAgiXgpyTVLffPAjOTLkZA==",
      "dependencies": {
        "tslib": "2.3.0",
        "zrender": "5.4.4"
      }
    },
    "node_modules/tslib": {
      "version": "2.3.0",
      "resolved": "https://registry.npmjs.org/tslib/-/tslib-2.3.0.tgz",
      "integrity": "sha512-N82ooyxVNm6h1riLCoyS9e3fuJ3AMG2zIZs2Gd1ATcSFjSA23Q0fzjjZeh0jbJvWVDZ0cJT8yaNNaaXHzueNjg=="
    },
    "node_modules/zrender": {
      "version": "5.4.4",
      "resolved": "https://registry.npmjs.org/zrender/-/zrender-5.4.4.tgz",
      "integrity": "sha512-0VxCNJ7AGOMCWeHVyTrGzUgrK4asT4ml9PEkeGirAkKNYXYzoPJCLvmyfdoOXcjTHPs10OZVMfD1Rwg16AZyYw==",
      "dependencies": {
        "tslib": "2.3.0"
      }
    }
  },
  "dependencies": {
    "@types/echarts": {
      "version": "4.9.22",
      "resolved": "https://registry.npmjs.org/@types/echarts/-/echarts-4.9.22.tgz",
      "integrity": "sha512-7Fo6XdWpoi8jxkwP7BARUOM7riq8bMhmsCtSG8gzUcJmFhLo387tihoBYS/y5j7jl3PENT5RxeWZdN9RiwO7HQ==",
      "dev": true,
      "requires": {
        "@types/zrender": "*"
      }
    },
    "@types/zrender": {
      "version": "4.0.6",
      "resolved": "https://registry.npmjs.org/@types/zrender/-/zrender-4.0.6.tgz",
      "integrity": "sha512-1jZ9bJn2BsfmYFPBHtl5o3uV+ILejAtGrDcYSpT4qaVKEI/0YY+arw3XHU04Ebd8Nca3SQ7uNcLaqiL+tTFVMg==",
      "dev": true
    },
    "echarts": {
      "version": "5.4.3",
      "resolved": "https://registry.npmjs.org/echarts/-/echarts-5.4.3.tgz",
      "integrity": "sha512-mYKxLxhzy6zyTi/FaEbJMOZU1ULGEQHaeIeuMR5L+JnJTpz+YR03mnnpBhbR4+UYJAgiXgpyTVLffPAjOTLkZA==",
      "requires": {
        "tslib": "2.3.0",
        "zrender": "5.4.4"
      }
    },
    "tslib": {
      "version": "2.3.0",
      "resolved": "https://registry.npmjs.org/tslib/-/tslib-2.3.0.tgz",
      "integrity": "sha512-N82ooyxVNm6h1riLCoyS9e3fuJ3AMG2zIZs2Gd1ATcSFjSA23Q0fzjjZeh0jbJvWVDZ0cJT8yaNNaaXHzueNjg=="
    },
    "zrender": {
      "version": "5.4.4",
      "resolved": "https://registry.npmjs.org/zrender/-/zrender-5.4.4.tgz",
      "integrity": "sha512-0VxCNJ7AGOMCWeHVyTrGzUgrK4asT4ml9PEkeGirAkKNYXYzoPJCLvmyfdoOXcjTHPs10OZVMfD1Rwg16AZyYw==",
      "requires": {
        "tslib": "2.3.0"
      }
    }
  }
}
